{
    "_meta": {
        "hash": {
            "sha256": "1ae221a4978e6249691ac9823f71b48118955c4007c54ab4ee9bbb2c2a42894e"
        },
        "pipfile-spec": 6,
        "requires": {
            "python_version": "3.11"
        },
        "sources": [
            {
                "name": "pypi",
                "url": "https://pypi.org/simple",
                "verify_ssl": true
            }
        ]
    },
    "default": {
        "asgiref": {
            "hashes": [
                "sha256:89b2ef2247e3b562a16eef663bc0e2e703ec6468e2fa8a5cd61cd449786d4f6e",
                "sha256:9e0ce3aa93a819ba5b45120216b23878cf6e8525eb3848653452b4192b92afed"
            ],
            "markers": "python_version >= '3.7'",
            "version": "==3.7.2"
        },
        "django": {
            "hashes": [
                "sha256:2a6b6fbff5b59dd07bef10bcb019bee2ea97a30b2a656d51346596724324badf",
                "sha256:672b3fa81e1f853bb58be1b51754108ab4ffa12a77c06db86aa8df9ed0c46fe5"
            ],
            "index": "pypi",
            "version": "==4.2.2"
        },
        "mysqlclient": {
            "hashes": [
                "sha256:0d1cd3a5a4d28c222fa199002810e8146cffd821410b67851af4cc80aeccd97c",
                "sha256:828757e419fb11dd6c5ed2576ec92c3efaa93a0f7c39e263586d1ee779c3d782",
                "sha256:996924f3483fd36a34a5812210c69e71dea5a3d5978d01199b78b7f6d485c855",
                "sha256:b355c8b5a7d58f2e909acdbb050858390ee1b0e13672ae759e5e784110022994",
                "sha256:c1ed71bd6244993b526113cca3df66428609f90e4652f37eb51c33496d478b37",
                "sha256:c812b67e90082a840efb82a8978369e6e69fc62ce1bda4ca8f3084a9d862308b",
                "sha256:dea88c8d3f5a5d9293dfe7f087c16dd350ceb175f2f6631c9cf4caf3e19b7a96"
            ],
            "index": "pypi",
            "version": "==2.1.1"
        },
        "sqlparse": {
            "hashes": [
                "sha256:5430a4fe2ac7d0f93e66f1efc6e1338a41884b7ddf2a350cedd20ccc4d9d28f3",
                "sha256:d446183e84b8349fa3061f0fe7f06ca94ba65b426946ffebe6e3e8295332420c"
            ],
            "markers": "python_version >= '3.5'",
            "version": "==0.4.4"
        },
        "typing-extensions": {
            "hashes": [
                "sha256:88a4153d8505aabbb4e13aacb7c486c2b4a33ca3b3f807914a9b4c844c471c26",
                "sha256:d91d5919357fe7f681a9f2b5b4cb2a5f1ef0a1e9f59c4d8ff0d3491e05c0ffd5"
            ],
            "markers": "python_version < '3.11'",
            "version": "==4.6.3"
        },
        "tzdata": {
            "hashes": [
                "sha256:11ef1e08e54acb0d4f95bdb1be05da659673de4acbd21bf9c69e94cc5e907a3a",
                "sha256:7e65763eef3120314099b6939b5546db7adce1e7d6f2e179e3df563c70511eda"
            ],
            "markers": "sys_platform == 'win32'",
            "version": "==2023.3"
        }
    },
    "develop": {}
}
